
Microsoft Visual Studio Solution File, Format Version 12.00
# Visual Studio Version 16
VisualStudioVersion = 16.0.31205.134
MinimumVisualStudioVersion = 10.0.40219.1
Project("{FAE04EC0-301F-11D3-BF4B-00C04F79EFBC}") = "amyapp", "amyapp\amyapp.csproj", "{553EB583-6727-45FC-8B4B-2137F39A0FAD}"
EndProject
Global
	GlobalSection(SolutionConfigurationPlatforms) = preSolution
		Debug|Any CPU = Debug|Any CPU
		Release|Any CPU = Release|Any CPU
	EndGlobalSection
	GlobalSection(ProjectConfigurationPlatforms) = postSolution
		{553EB583-6727-45FC-8B4B-2137F39A0FAD}.Debug|Any CPU.ActiveCfg = Debug|Any CPU
		{553EB583-6727-45FC-8B4B-2137F39A0FAD}.Debug|Any CPU.Build.0 = Debug|Any CPU
		{553EB583-6727-45FC-8B4B-2137F39A0FAD}.Release|Any CPU.ActiveCfg = Release|Any CPU
		{553EB583-6727-45FC-8B4B-2137F39A0FAD}.Release|Any CPU.Build.0 = Release|Any CPU
	EndGlobalSection
	GlobalSection(SolutionProperties) = preSolution
		HideSolutionNode = FALSE
	EndGlobalSection
	GlobalSection(ExtensibilityGlobals) = postSolution
		SolutionGuid = {385FA2B1-E28B-4FE7-8207-ADD84EB107CD}
	EndGlobalSection
EndGlobal
